
Microsoft Visual Studio Solution File, Format Version 12.00
# Visual Studio 14
VisualStudioVersion = 14.0.25420.1
MinimumVisualStudioVersion = 10.0.40219.1
Project("{FAE04EC0-301F-11D3-BF4B-00C04F79EFBC}") = "MiLibreria", "MiLibreria\MiLibreria.csproj", "{0464A645-08D2-4485-8A12-BDDA36A91272}"
EndProject
Project("{FAE04EC0-301F-11D3-BF4B-00C04F79EFBC}") = "MiLibreriaTests", "MiLibreriaTests\MiLibreriaTests.csproj", "{2BDF70AF-C39D-4EF6-A8EE-B53E54BCCF21}"
EndProject
Global
	GlobalSection(SolutionConfigurationPlatforms) = preSolution
		Debug|Any CPU = Debug|Any CPU
		Debug|ARM = Debug|ARM
		Debug|x64 = Debug|x64
		Debug|x86 = Debug|x86
		Release|Any CPU = Release|Any CPU
		Release|ARM = Release|ARM
		Release|x64 = Release|x64
		Release|x86 = Release|x86
	EndGlobalSection
	GlobalSection(ProjectConfigurationPlatforms) = postSolution
		{0464A645-08D2-4485-8A12-BDDA36A91272}.Debug|Any CPU.ActiveCfg = Debug|Any CPU
		{0464A645-08D2-4485-8A12-BDDA36A91272}.Debug|Any CPU.Build.0 = Debug|Any CPU
		{0464A645-08D2-4485-8A12-BDDA36A91272}.Debug|ARM.ActiveCfg = Debug|Any CPU
		{0464A645-08D2-4485-8A12-BDDA36A91272}.Debug|ARM.Build.0 = Debug|Any CPU
		{0464A645-08D2-4485-8A12-BDDA36A91272}.Debug|x64.ActiveCfg = Debug|Any CPU
		{0464A645-08D2-4485-8A12-BDDA36A91272}.Debug|x64.Build.0 = Debug|Any CPU
		{0464A645-08D2-4485-8A12-BDDA36A91272}.Debug|x86.ActiveCfg = Debug|Any CPU
		{0464A645-08D2-4485-8A12-BDDA36A91272}.Debug|x86.Build.0 = Debug|Any CPU
		{0464A645-08D2-4485-8A12-BDDA36A91272}.Release|Any CPU.ActiveCfg = Release|Any CPU
		{0464A645-08D2-4485-8A12-BDDA36A91272}.Release|Any CPU.Build.0 = Release|Any CPU
		{0464A645-08D2-4485-8A12-BDDA36A91272}.Release|ARM.ActiveCfg = Release|Any CPU
		{0464A645-08D2-4485-8A12-BDDA36A91272}.Release|ARM.Build.0 = Release|Any CPU
		{0464A645-08D2-4485-8A12-BDDA36A91272}.Release|x64.ActiveCfg = Release|Any CPU
		{0464A645-08D2-4485-8A12-BDDA36A91272}.Release|x64.Build.0 = Release|Any CPU
		{0464A645-08D2-4485-8A12-BDDA36A91272}.Release|x86.ActiveCfg = Release|Any CPU
		{0464A645-08D2-4485-8A12-BDDA36A91272}.Release|x86.Build.0 = Release|Any CPU
		{2BDF70AF-C39D-4EF6-A8EE-B53E54BCCF21}.Debug|Any CPU.ActiveCfg = Debug|Any CPU
		{2BDF70AF-C39D-4EF6-A8EE-B53E54BCCF21}.Debug|Any CPU.Build.0 = Debug|Any CPU
		{2BDF70AF-C39D-4EF6-A8EE-B53E54BCCF21}.Debug|ARM.ActiveCfg = Debug|Any CPU
		{2BDF70AF-C39D-4EF6-A8EE-B53E54BCCF21}.Debug|ARM.Build.0 = Debug|Any CPU
		{2BDF70AF-C39D-4EF6-A8EE-B53E54BCCF21}.Debug|x64.ActiveCfg = Debug|Any CPU
		{2BDF70AF-C39D-4EF6-A8EE-B53E54BCCF21}.Debug|x64.Build.0 = Debug|Any CPU
		{2BDF70AF-C39D-4EF6-A8EE-B53E54BCCF21}.Debug|x86.ActiveCfg = Debug|Any CPU
		{2BDF70AF-C39D-4EF6-A8EE-B53E54BCCF21}.Debug|x86.Build.0 = Debug|Any CPU
		{2BDF70AF-C39D-4EF6-A8EE-B53E54BCCF21}.Release|Any CPU.ActiveCfg = Release|Any CPU
		{2BDF70AF-C39D-4EF6-A8EE-B53E54BCCF21}.Release|Any CPU.Build.0 = Release|Any CPU
		{2BDF70AF-C39D-4EF6-A8EE-B53E54BCCF21}.Release|ARM.ActiveCfg = Release|Any CPU
		{2BDF70AF-C39D-4EF6-A8EE-B53E54BCCF21}.Release|ARM.Build.0 = Release|Any CPU
		{2BDF70AF-C39D-4EF6-A8EE-B53E54BCCF21}.Release|x64.ActiveCfg = Release|Any CPU
		{2BDF70AF-C39D-4EF6-A8EE-B53E54BCCF21}.Release|x64.Build.0 = Release|Any CPU
		{2BDF70AF-C39D-4EF6-A8EE-B53E54BCCF21}.Release|x86.ActiveCfg = Release|Any CPU
		{2BDF70AF-C39D-4EF6-A8EE-B53E54BCCF21}.Release|x86.Build.0 = Release|Any CPU
	EndGlobalSection
	GlobalSection(SolutionProperties) = preSolution
		HideSolutionNode = FALSE
	EndGlobalSection
EndGlobal
